
Microsoft Visual Studio Solution File, Format Version 12.00
# Visual Studio Version 17
VisualStudioVersion = 17.14.36408.4
MinimumVisualStudioVersion = 10.0.40219.1
Project("{FAE04EC0-301F-11D3-BF4B-00C04F79EFBC}") = "Industrial-SQLite-CRUD-Prototype", "Industrial-SQLite-CRUD-Prototype\Industrial-SQLite-CRUD-Prototype.csproj", "{2BBB6082-EB60-49F5-816E-6ECCC4FD2FB7}"
EndProject
Global
	GlobalSection(SolutionConfigurationPlatforms) = preSolution
		Debug|Any CPU = Debug|Any CPU
		Debug|x64 = Debug|x64
		Release|Any CPU = Release|Any CPU
		Release|x64 = Release|x64
	EndGlobalSection
	GlobalSection(ProjectConfigurationPlatforms) = postSolution
		{2BBB6082-EB60-49F5-816E-6ECCC4FD2FB7}.Debug|Any CPU.ActiveCfg = Debug|Any CPU
		{2BBB6082-EB60-49F5-816E-6ECCC4FD2FB7}.Debug|Any CPU.Build.0 = Debug|Any CPU
		{2BBB6082-EB60-49F5-816E-6ECCC4FD2FB7}.Debug|x64.ActiveCfg = Debug|x64
		{2BBB6082-EB60-49F5-816E-6ECCC4FD2FB7}.Debug|x64.Build.0 = Debug|x64
		{2BBB6082-EB60-49F5-816E-6ECCC4FD2FB7}.Release|Any CPU.ActiveCfg = Release|Any CPU
		{2BBB6082-EB60-49F5-816E-6ECCC4FD2FB7}.Release|Any CPU.Build.0 = Release|Any CPU
		{2BBB6082-EB60-49F5-816E-6ECCC4FD2FB7}.Release|x64.ActiveCfg = Release|x64
		{2BBB6082-EB60-49F5-816E-6ECCC4FD2FB7}.Release|x64.Build.0 = Release|x64
	EndGlobalSection
	GlobalSection(SolutionProperties) = preSolution
		HideSolutionNode = FALSE
	EndGlobalSection
	GlobalSection(ExtensibilityGlobals) = postSolution
		SolutionGuid = {923A476A-00EF-41D5-A269-4B39AB0761BB}
	EndGlobalSection
EndGlobal
